# This file is automatically @generated by Cargo.
# It is not intended for manual editing.
version = 4

[[package]]
name = "aegis-cli"
version = "0.1.0"

[[package]]
name = "aegis-core"
version = "0.1.0"

[[package]]
name = "aegis-format"
version = "0.1.0"

[[package]]
name = "aegis-testkit"
version = "0.1.0"
